
Microsoft Visual Studio Solution File, Format Version 12.00
# Visual Studio 15
Project("{FAE04EC0-301F-11D3-BF4B-00C04F79EFBC}") = "Assembly-CSharp", "Assembly-CSharp.csproj", "{2983941A-654E-52E5-7F4C-752E99B22DBB}"
EndProject
Project("{FAE04EC0-301F-11D3-BF4B-00C04F79EFBC}") = "Assembly-CSharp-Editor", "Assembly-CSharp-Editor.csproj", "{7776D794-9D28-D7B6-EC33-1722319C89C9}"
EndProject
Global
	GlobalSection(SolutionConfigurationPlatforms) = preSolution
		Debug|Any CPU = Debug|Any CPU
		Release|Any CPU = Release|Any CPU
	EndGlobalSection
	GlobalSection(ProjectConfigurationPlatforms) = postSolution
		{2983941A-654E-52E5-7F4C-752E99B22DBB}.Debug|Any CPU.ActiveCfg = Debug|Any CPU
		{2983941A-654E-52E5-7F4C-752E99B22DBB}.Debug|Any CPU.Build.0 = Debug|Any CPU
		{2983941A-654E-52E5-7F4C-752E99B22DBB}.Release|Any CPU.ActiveCfg = Release|Any CPU
		{2983941A-654E-52E5-7F4C-752E99B22DBB}.Release|Any CPU.Build.0 = Release|Any CPU
		{7776D794-9D28-D7B6-EC33-1722319C89C9}.Debug|Any CPU.ActiveCfg = Debug|Any CPU
		{7776D794-9D28-D7B6-EC33-1722319C89C9}.Debug|Any CPU.Build.0 = Debug|Any CPU
		{7776D794-9D28-D7B6-EC33-1722319C89C9}.Release|Any CPU.ActiveCfg = Release|Any CPU
		{7776D794-9D28-D7B6-EC33-1722319C89C9}.Release|Any CPU.Build.0 = Release|Any CPU
	EndGlobalSection
	GlobalSection(SolutionProperties) = preSolution
		HideSolutionNode = FALSE
	EndGlobalSection
EndGlobal
